PODS:
  - FocusNode (1.1.1):
    - SmartHitTest
  - SmartHitTest (1.0.2)

DEPENDENCIES:
  - FocusNode

SPEC REPOS:
  https://github.com/cocoapods/specs.git:
    - FocusNode
    - SmartHitTest

SPEC CHECKSUMS:
  FocusNode: 8c8b56cdc6a299c19e42b0bbbd0d47e3c62d4045
  SmartHitTest: b890d9c78536c251d58129bb22bf39b90c531616

PODFILE CHECKSUM: 6dbff15127841a3a03284a09a21a5977291396a0

COCOAPODS: 1.7.0.beta.3
